
Microsoft Visual Studio Solution File, Format Version 12.00
# Visual Studio 14
VisualStudioVersion = 14.0.23107.0
MinimumVisualStudioVersion = 10.0.40219.1
Project("{2150E333-8FDC-42A3-9474-1A3956D46DE8}") = "Scripts", "Scripts", "{5EF54597-E1C7-4A1E-A903-70B6BBBEBBF2}"
	ProjectSection(SolutionItems) = preProject
		Scripts\AppVeyor.Functions.ps1 = Scripts\AppVeyor.Functions.ps1
		Scripts\CI.Azure.Functions.ps1 = Scripts\CI.Azure.Functions.ps1
		Scripts\CI.Functions.ps1 = Scripts\CI.Functions.ps1
		Scripts\CI.InstallSystemPrereqs.ps1 = Scripts\CI.InstallSystemPrereqs.ps1
		Scripts\CI.Settings.ps1 = Scripts\CI.Settings.ps1
		Scripts\CI.Tasks.ps1 = Scripts\CI.Tasks.ps1
	EndProjectSection
EndProject
Project("{2150E333-8FDC-42A3-9474-1A3956D46DE8}") = "Solution Items", "Solution Items", "{B4CC19ED-3901-4F89-9655-D1129B73F63F}"
	ProjectSection(SolutionItems) = preProject
		..\appveyor.yml = ..\appveyor.yml
		..\CI.ps1 = ..\CI.ps1
		Global.ruleset = Global.ruleset
		..\LICENSE = ..\LICENSE
		..\README.md = ..\README.md
		Settings.StyleCop = Settings.StyleCop
	EndProjectSection
EndProject
Project("{151D2E53-A2C4-4D7D-83FE-D05416EBD58E}") = "ExampleApp.ResourceGroup", "ExampleApp.ResourceGroup\ExampleApp.ResourceGroup.deployproj", "{80EC2E4E-7ACC-4219-BB95-AD80DB7DD318}"
EndProject
Project("{FAE04EC0-301F-11D3-BF4B-00C04F79EFBC}") = "ExampleApp.Web", "ExampleApp.Web\ExampleApp.Web.csproj", "{CF7FAD0F-EFD5-4FCE-8141-78A5CCD8FC77}"
EndProject
Project("{2150E333-8FDC-42A3-9474-1A3956D46DE8}") = "ExampleApp", "ExampleApp", "{EFED8FC3-CEF2-4BF7-AE02-8110D4AE0BA3}"
EndProject
Project("{FAE04EC0-301F-11D3-BF4B-00C04F79EFBC}") = "Slinqy.Test.Functional", "Slinqy.Test.Functional\Slinqy.Test.Functional.csproj", "{5FB77DEA-B800-42CC-9A5F-673608CF9D12}"
EndProject
Global
	GlobalSection(SolutionConfigurationPlatforms) = preSolution
		Release|Any CPU = Release|Any CPU
	EndGlobalSection
	GlobalSection(ProjectConfigurationPlatforms) = postSolution
		{80EC2E4E-7ACC-4219-BB95-AD80DB7DD318}.Release|Any CPU.ActiveCfg = Release|Any CPU
		{80EC2E4E-7ACC-4219-BB95-AD80DB7DD318}.Release|Any CPU.Build.0 = Release|Any CPU
		{CF7FAD0F-EFD5-4FCE-8141-78A5CCD8FC77}.Release|Any CPU.ActiveCfg = Release|Any CPU
		{CF7FAD0F-EFD5-4FCE-8141-78A5CCD8FC77}.Release|Any CPU.Build.0 = Release|Any CPU
		{5FB77DEA-B800-42CC-9A5F-673608CF9D12}.Release|Any CPU.ActiveCfg = Release|Any CPU
		{5FB77DEA-B800-42CC-9A5F-673608CF9D12}.Release|Any CPU.Build.0 = Release|Any CPU
	EndGlobalSection
	GlobalSection(SolutionProperties) = preSolution
		HideSolutionNode = FALSE
	EndGlobalSection
	GlobalSection(NestedProjects) = preSolution
		{80EC2E4E-7ACC-4219-BB95-AD80DB7DD318} = {EFED8FC3-CEF2-4BF7-AE02-8110D4AE0BA3}
		{CF7FAD0F-EFD5-4FCE-8141-78A5CCD8FC77} = {EFED8FC3-CEF2-4BF7-AE02-8110D4AE0BA3}
	EndGlobalSection
EndGlobal
